// !$*UTF8*$!
{
	archiveVersion = 1;
	classes = {
	};
	objectVersion = 55;
	objects = {

/* Begin PBXBuildFile section */
		B86AFAED27A9A780000134B6 /* AppDelegate.swift in Sources */ = {isa = PBXBuildFile; fileRef = B86AFAEC27A9A780000134B6 /* AppDelegate.swift */; };
		B86AFAEF27A9A780000134B6 /* SceneDelegate.swift in Sources */ = {isa = PBXBuildFile; fileRef = B86AFAEE27A9A780000134B6 /* SceneDelegate.swift */; };
		B86AFAF427A9A780000134B6 /* Main.storyboard in Resources */ = {isa = PBXBuildFile; fileRef = B86AFAF227A9A780000134B6 /* Main.storyboard */; };
		B86AFAF627A9A782000134B6 /* Assets.xcassets in Resources */ = {isa = PBXBuildFile; fileRef = B86AFAF527A9A782000134B6 /* Assets.xcassets */; };
		B86AFAF927A9A782000134B6 /* LaunchScreen.storyboard in Resources */ = {isa = PBXBuildFile; fileRef = B86AFAF727A9A782000134B6 /* LaunchScreen.storyboard */; };
		B86AFB0427A9A782000134B6 /* RedditCloneAppTests.swift in Sources */ = {isa = PBXBuildFile; fileRef = B86AFB0327A9A782000134B6 /* RedditCloneAppTests.swift */; };
		B86AFB0E27A9A782000134B6 /* RedditCloneAppUITests.swift in Sources */ = {isa = PBXBuildFile; fileRef = B86AFB0D27A9A782000134B6 /* RedditCloneAppUITests.swift */; };
		B86AFB1027A9A782000134B6 /* RedditCloneAppUITestsLaunchTests.swift in Sources */ = {isa = PBXBuildFile; fileRef = B86AFB0F27A9A782000134B6 /* RedditCloneAppUITestsLaunchTests.swift */; };
		B86AFB1D27A9A80B000134B6 /* Listing.swift in Sources */ = {isa = PBXBuildFile; fileRef = B86AFB1C27A9A80B000134B6 /* Listing.swift */; };
		B86AFB2127A9ABE7000134B6 /* Search.swift in Sources */ = {isa = PBXBuildFile; fileRef = B86AFB2027A9ABE7000134B6 /* Search.swift */; };
		B86AFB2327A9AF21000134B6 /* SearchViewController.swift in Sources */ = {isa = PBXBuildFile; fileRef = B86AFB2227A9AF21000134B6 /* SearchViewController.swift */; };
		B86AFB2527A9AF9F000134B6 /* DownloadImage.swift in Sources */ = {isa = PBXBuildFile; fileRef = B86AFB2427A9AF9F000134B6 /* DownloadImage.swift */; };
		B86AFB2827A9B152000134B6 /* SearchResultCell.swift in Sources */ = {isa = PBXBuildFile; fileRef = B86AFB2627A9B152000134B6 /* SearchResultCell.swift */; };
		B86AFB2B27A9B6D1000134B6 /* NothingFoundCell.xib in Resources */ = {isa = PBXBuildFile; fileRef = B86AFB2A27A9B6D1000134B6 /* NothingFoundCell.xib */; };
		B86AFB2D27A9B707000134B6 /* LoadingCell.xib in Resources */ = {isa = PBXBuildFile; fileRef = B86AFB2C27A9B707000134B6 /* LoadingCell.xib */; };
		B86AFB2F27A9B86C000134B6 /* DetailViewController.swift in Sources */ = {isa = PBXBuildFile; fileRef = B86AFB2E27A9B86C000134B6 /* DetailViewController.swift */; };
/* End PBXBuildFile section */

/* Begin PBXContainerItemProxy section */
		B86AFB0027A9A782000134B6 /* PBXContainerItemProxy */ = {
			isa = PBXContainerItemProxy;
			containerPortal = B86AFAE127A9A780000134B6 /* Project object */;
			proxyType = 1;
			remoteGlobalIDString = B86AFAE827A9A780000134B6;
			remoteInfo = RedditCloneApp;
		};
		B86AFB0A27A9A782000134B6 /* PBXContainerItemProxy */ = {
			isa = PBXContainerItemProxy;
			containerPortal = B86AFAE127A9A780000134B6 /* Project object */;
			proxyType = 1;
			remoteGlobalIDString = B86AFAE827A9A780000134B6;
			remoteInfo = RedditCloneApp;
		};
/* End PBXContainerItemProxy section */

/* Begin PBXFileReference section */
		B86AFAE927A9A780000134B6 /* RedditCloneApp.app */ = {isa = PBXFileReference; explicitFileType = wrapper.application; includeInIndex = 0; path = RedditCloneApp.app; sourceTree = BUILT_PRODUCTS_DIR; };
		B86AFAEC27A9A780000134B6 /* AppDelegate.swift */ = {isa = PBXFileReference; lastKnownFileType = sourcecode.swift; path = AppDelegate.swift; sourceTree = "<group>"; };
		B86AFAEE27A9A780000134B6 /* SceneDelegate.swift */ = {isa = PBXFileReference; lastKnownFileType = sourcecode.swift; path = SceneDelegate.swift; sourceTree = "<group>"; };
		B86AFAF327A9A780000134B6 /* Base */ = {isa = PBXFileReference; lastKnownFileType = file.storyboard; name = Base; path = Base.lproj/Main.storyboard; sourceTree = "<group>"; };
		B86AFAF527A9A782000134B6 /* Assets.xcassets */ = {isa = PBXFileReference; lastKnownFileType = folder.assetcatalog; path = Assets.xcassets; sourceTree = "<group>"; };
		B86AFAF827A9A782000134B6 /* Base */ = {isa = PBXFileReference; lastKnownFileType = file.storyboard; name = Base; path = Base.lproj/LaunchScreen.storyboard; sourceTree = "<group>"; };
		B86AFAFA27A9A782000134B6 /* Info.plist */ = {isa = PBXFileReference; lastKnownFileType = text.plist.xml; path = Info.plist; sourceTree = "<group>"; };
		B86AFAFF27A9A782000134B6 /* RedditCloneAppTests.xctest */ = {isa = PBXFileReference; explicitFileType = wrapper.cfbundle; includeInIndex = 0; path = RedditCloneAppTests.xctest; sourceTree = BUILT_PRODUCTS_DIR; };
		B86AFB0327A9A782000134B6 /* RedditCloneAppTests.swift */ = {isa = PBXFileReference; lastKnownFileType = sourcecode.swift; path = RedditCloneAppTests.swift; sourceTree = "<group>"; };
		B86AFB0927A9A782000134B6 /* RedditCloneAppUITests.xctest */ = {isa = PBXFileReference; explicitFileType = wrapper.cfbundle; includeInIndex = 0; path = RedditCloneAppUITests.xctest; sourceTree = BUILT_PRODUCTS_DIR; };
		B86AFB0D27A9A782000134B6 /* RedditCloneAppUITests.swift */ = {isa = PBXFileReference; lastKnownFileType = sourcecode.swift; path = RedditCloneAppUITests.swift; sourceTree = "<group>"; };
		B86AFB0F27A9A782000134B6 /* RedditCloneAppUITestsLaunchTests.swift */ = {isa = PBXFileReference; lastKnownFileType = sourcecode.swift; path = RedditCloneAppUITestsLaunchTests.swift; sourceTree = "<group>"; };
		B86AFB1C27A9A80B000134B6 /* Listing.swift */ = {isa = PBXFileReference; lastKnownFileType = sourcecode.swift; path = Listing.swift; sourceTree = "<group>"; };
		B86AFB2027A9ABE7000134B6 /* Search.swift */ = {isa = PBXFileReference; lastKnownFileType = sourcecode.swift; path = Search.swift; sourceTree = "<group>"; };
		B86AFB2227A9AF21000134B6 /* SearchViewController.swift */ = {isa = PBXFileReference; lastKnownFileType = sourcecode.swift; path = SearchViewController.swift; sourceTree = "<group>"; };
		B86AFB2427A9AF9F000134B6 /* DownloadImage.swift */ = {isa = PBXFileReference; lastKnownFileType = sourcecode.swift; path = DownloadImage.swift; sourceTree = "<group>"; };
		B86AFB2627A9B152000134B6 /* SearchResultCell.swift */ = {isa = PBXFileReference; lastKnownFileType = sourcecode.swift; path = SearchResultCell.swift; sourceTree = "<group>"; };
		B86AFB2A27A9B6D1000134B6 /* NothingFoundCell.xib */ = {isa = PBXFileReference; lastKnownFileType = file.xib; path = NothingFoundCell.xib; sourceTree = "<group>"; };
		B86AFB2C27A9B707000134B6 /* LoadingCell.xib */ = {isa = PBXFileReference; lastKnownFileType = file.xib; path = LoadingCell.xib; sourceTree = "<group>"; };
		B86AFB2E27A9B86C000134B6 /* DetailViewController.swift */ = {isa = PBXFileReference; lastKnownFileType = sourcecode.swift; path = DetailViewController.swift; sourceTree = "<group>"; };
/* End PBXFileReference section */

/* Begin PBXFrameworksBuildPhase section */
		B86AFAE627A9A780000134B6 /* Frameworks */ = {
			isa = PBXFrameworksBuildPhase;
			buildActionMask = 2147483647;
			files = (
			);
			runOnlyForDeploymentPostprocessing = 0;
		};
		B86AFAFC27A9A782000134B6 /* Frameworks */ = {
			isa = PBXFrameworksBuildPhase;
			buildActionMask = 2147483647;
			files = (
			);
			runOnlyForDeploymentPostprocessing = 0;
		};
		B86AFB0627A9A782000134B6 /* Frameworks */ = {
			isa = PBXFrameworksBuildPhase;
			buildActionMask = 2147483647;
			files = (
			);
			runOnlyForDeploymentPostprocessing = 0;
		};
/* End PBXFrameworksBuildPhase section */

/* Begin PBXGroup section */
		B86AFAE027A9A780000134B6 = {
			isa = PBXGroup;
			children = (
				B86AFB2C27A9B707000134B6 /* LoadingCell.xib */,
				B86AFB2A27A9B6D1000134B6 /* NothingFoundCell.xib */,
				B86AFB2627A9B152000134B6 /* SearchResultCell.swift */,
				B86AFAEB27A9A780000134B6 /* RedditCloneApp */,
				B86AFB0227A9A782000134B6 /* RedditCloneAppTests */,
				B86AFB0C27A9A782000134B6 /* RedditCloneAppUITests */,
				B86AFAEA27A9A780000134B6 /* Products */,
			);
			sourceTree = "<group>";
		};
		B86AFAEA27A9A780000134B6 /* Products */ = {
			isa = PBXGroup;
			children = (
				B86AFAE927A9A780000134B6 /* RedditCloneApp.app */,
				B86AFAFF27A9A782000134B6 /* RedditCloneAppTests.xctest */,
				B86AFB0927A9A782000134B6 /* RedditCloneAppUITests.xctest */,
			);
			name = Products;
			sourceTree = "<group>";
		};
		B86AFAEB27A9A780000134B6 /* RedditCloneApp */ = {
			isa = PBXGroup;
			children = (
				B86AFAEC27A9A780000134B6 /* AppDelegate.swift */,
				B86AFAEE27A9A780000134B6 /* SceneDelegate.swift */,
				B86AFAF227A9A780000134B6 /* Main.storyboard */,
				B86AFAF527A9A782000134B6 /* Assets.xcassets */,
				B86AFAF727A9A782000134B6 /* LaunchScreen.storyboard */,
				B86AFAFA27A9A782000134B6 /* Info.plist */,
				B86AFB1C27A9A80B000134B6 /* Listing.swift */,
				B86AFB2027A9ABE7000134B6 /* Search.swift */,
				B86AFB2E27A9B86C000134B6 /* DetailViewController.swift */,
				B86AFB2227A9AF21000134B6 /* SearchViewController.swift */,
				B86AFB2427A9AF9F000134B6 /* DownloadImage.swift */,
			);
			path = RedditCloneApp;
			sourceTree = "<group>";
		};
		B86AFB0227A9A782000134B6 /* RedditCloneAppTests */ = {
			isa = PBXGroup;
			children = (
				B86AFB0327A9A782000134B6 /* RedditCloneAppTests.swift */,
			);
			path = RedditCloneAppTests;
			sourceTree = "<group>";
		};
		B86AFB0C27A9A782000134B6 /* RedditCloneAppUITests */ = {
			isa = PBXGroup;
			children = (
				B86AFB0D27A9A782000134B6 /* RedditCloneAppUITests.swift */,
				B86AFB0F27A9A782000134B6 /* RedditCloneAppUITestsLaunchTests.swift */,
			);
			path = RedditCloneAppUITests;
			sourceTree = "<group>";
		};
/* End PBXGroup section */

/* Begin PBXNativeTarget section */
		B86AFAE827A9A780000134B6 /* RedditCloneApp */ = {
			isa = PBXNativeTarget;
			buildConfigurationList = B86AFB1327A9A782000134B6 /* Build configuration list for PBXNativeTarget "RedditCloneApp" */;
			buildPhases = (
				B86AFAE527A9A780000134B6 /* Sources */,
				B86AFAE627A9A780000134B6 /* Frameworks */,
				B86AFAE727A9A780000134B6 /* Resources */,
			);
			buildRules = (
			);
			dependencies = (
			);
			name = RedditCloneApp;
			productName = RedditCloneApp;
			productReference = B86AFAE927A9A780000134B6 /* RedditCloneApp.app */;
			productType = "com.apple.product-type.application";
		};
		B86AFAFE27A9A782000134B6 /* RedditCloneAppTests */ = {
			isa = PBXNativeTarget;
			buildConfigurationList = B86AFB1627A9A782000134B6 /* Build configuration list for PBXNativeTarget "RedditCloneAppTests" */;
			buildPhases = (
				B86AFAFB27A9A782000134B6 /* Sources */,
				B86AFAFC27A9A782000134B6 /* Frameworks */,
				B86AFAFD27A9A782000134B6 /* Resources */,
			);
			buildRules = (
			);
			dependencies = (
				B86AFB0127A9A782000134B6 /* PBXTargetDependency */,
			);
			name = RedditCloneAppTests;
			productName = RedditCloneAppTests;
			productReference = B86AFAFF27A9A782000134B6 /* RedditCloneAppTests.xctest */;
			productType = "com.apple.product-type.bundle.unit-test";
		};
		B86AFB0827A9A782000134B6 /* RedditCloneAppUITests */ = {
			isa = PBXNativeTarget;
			buildConfigurationList = B86AFB1927A9A782000134B6 /* Build configuration list for PBXNativeTarget "RedditCloneAppUITests" */;
			buildPhases = (
				B86AFB0527A9A782000134B6 /* Sources */,
				B86AFB0627A9A782000134B6 /* Frameworks */,
				B86AFB0727A9A782000134B6 /* Resources */,
			);
			buildRules = (
			);
			dependencies = (
				B86AFB0B27A9A782000134B6 /* PBXTargetDependency */,
			);
			name = RedditCloneAppUITests;
			productName = RedditCloneAppUITests;
			productReference = B86AFB0927A9A782000134B6 /* RedditCloneAppUITests.xctest */;
			productType = "com.apple.product-type.bundle.ui-testing";
		};
/* End PBXNativeTarget section */

/* Begin PBXProject section */
		B86AFAE127A9A780000134B6 /* Project object */ = {
			isa = PBXProject;
			attributes = {
				BuildIndependentTargetsInParallel = 1;
				LastSwiftUpdateCheck = 1320;
				LastUpgradeCheck = 1320;
				TargetAttributes = {
					B86AFAE827A9A780000134B6 = {
						CreatedOnToolsVersion = 13.2.1;
					};
					B86AFAFE27A9A782000134B6 = {
						CreatedOnToolsVersion = 13.2.1;
						TestTargetID = B86AFAE827A9A780000134B6;
					};
					B86AFB0827A9A782000134B6 = {
						CreatedOnToolsVersion = 13.2.1;
						TestTargetID = B86AFAE827A9A780000134B6;
					};
				};
			};
			buildConfigurationList = B86AFAE427A9A780000134B6 /* Build configuration list for PBXProject "RedditCloneApp" */;
			compatibilityVersion = "Xcode 13.0";
			developmentRegion = en;
			hasScannedForEncodings = 0;
			knownRegions = (
				en,
				Base,
			);
			mainGroup = B86AFAE027A9A780000134B6;
			productRefGroup = B86AFAEA27A9A780000134B6 /* Products */;
			projectDirPath = "";
			projectRoot = "";
			targets = (
				B86AFAE827A9A780000134B6 /* RedditCloneApp */,
				B86AFAFE27A9A782000134B6 /* RedditCloneAppTests */,
				B86AFB0827A9A782000134B6 /* RedditCloneAppUITests */,
			);
		};
/* End PBXProject section */

/* Begin PBXResourcesBuildPhase section */
		B86AFAE727A9A780000134B6 /* Resources */ = {
			isa = PBXResourcesBuildPhase;
			buildActionMask = 2147483647;
			files = (
				B86AFAF927A9A782000134B6 /* LaunchScreen.storyboard in Resources */,
				B86AFB2D27A9B707000134B6 /* LoadingCell.xib in Resources */,
				B86AFAF627A9A782000134B6 /* Assets.xcassets in Resources */,
				B86AFB2B27A9B6D1000134B6 /* NothingFoundCell.xib in Resources */,
				B86AFAF427A9A780000134B6 /* Main.storyboard in Resources */,
			);
			runOnlyForDeploymentPostprocessing = 0;
		};
		B86AFAFD27A9A782000134B6 /* Resources */ = {
			isa = PBXResourcesBuildPhase;
			buildActionMask = 2147483647;
			files = (
			);
			runOnlyForDeploymentPostprocessing = 0;
		};
		B86AFB0727A9A782000134B6 /* Resources */ = {
			isa = PBXResourcesBuildPhase;
			buildActionMask = 2147483647;
			files = (
			);
			runOnlyForDeploymentPostprocessing = 0;
		};
/* End PBXResourcesBuildPhase section */

/* Begin PBXSourcesBuildPhase section */
		B86AFAE527A9A780000134B6 /* Sources */ = {
			isa = PBXSourcesBuildPhase;
			buildActionMask = 2147483647;
			files = (
				B86AFB2327A9AF21000134B6 /* SearchViewController.swift in Sources */,
				B86AFB2827A9B152000134B6 /* SearchResultCell.swift in Sources */,
				B86AFB2527A9AF9F000134B6 /* DownloadImage.swift in Sources */,
				B86AFAED27A9A780000134B6 /* AppDelegate.swift in Sources */,
				B86AFB2127A9ABE7000134B6 /* Search.swift in Sources */,
				B86AFB1D27A9A80B000134B6 /* Listing.swift in Sources */,
				B86AFAEF27A9A780000134B6 /* SceneDelegate.swift in Sources */,
				B86AFB2F27A9B86C000134B6 /* DetailViewController.swift in Sources */,
			);
			runOnlyForDeploymentPostprocessing = 0;
		};
		B86AFAFB27A9A782000134B6 /* Sources */ = {
			isa = PBXSourcesBuildPhase;
			buildActionMask = 2147483647;
			files = (
				B86AFB0427A9A782000134B6 /* RedditCloneAppTests.swift in Sources */,
			);
			runOnlyForDeploymentPostprocessing = 0;
		};
		B86AFB0527A9A782000134B6 /* Sources */ = {
			isa = PBXSourcesBuildPhase;
			buildActionMask = 2147483647;
			files = (
				B86AFB1027A9A782000134B6 /* RedditCloneAppUITestsLaunchTests.swift in Sources */,
				B86AFB0E27A9A782000134B6 /* RedditCloneAppUITests.swift in Sources */,
			);
			runOnlyForDeploymentPostprocessing = 0;
		};
/* End PBXSourcesBuildPhase section */

/* Begin PBXTargetDependency section */
		B86AFB0127A9A782000134B6 /* PBXTargetDependency */ = {
			isa = PBXTargetDependency;
			target = B86AFAE827A9A780000134B6 /* RedditCloneApp */;
			targetProxy = B86AFB0027A9A782000134B6 /* PBXContainerItemProxy */;
		};
		B86AFB0B27A9A782000134B6 /* PBXTargetDependency */ = {
			isa = PBXTargetDependency;
			target = B86AFAE827A9A780000134B6 /* RedditCloneApp */;
			targetProxy = B86AFB0A27A9A782000134B6 /* PBXContainerItemProxy */;
		};
/* End PBXTargetDependency section */

/* Begin PBXVariantGroup section */
		B86AFAF227A9A780000134B6 /* Main.storyboard */ = {
			isa = PBXVariantGroup;
			children = (
				B86AFAF327A9A780000134B6 /* Base */,
			);
			name = Main.storyboard;
			sourceTree = "<group>";
		};
		B86AFAF727A9A782000134B6 /* LaunchScreen.storyboard */ = {
			isa = PBXVariantGroup;
			children = (
				B86AFAF827A9A782000134B6 /* Base */,
			);
			name = LaunchScreen.storyboard;
			sourceTree = "<group>";
		};
/* End PBXVariantGroup section */

/* Begin XCBuildConfiguration section */
		B86AFB1127A9A782000134B6 /* Debug */ = {
			isa = XCBuildConfiguration;
			buildSettings = {
				ALWAYS_SEARCH_USER_PATHS = NO;
				CLANG_ANALYZER_NONNULL = YES;
				CLANG_ANALYZER_NUMBER_OBJECT_CONVERSION = YES_AGGRESSIVE;
				CLANG_CXX_LANGUAGE_STANDARD = "gnu++17";
				CLANG_CXX_LIBRARY = "libc++";
				CLANG_ENABLE_MODULES = YES;
				CLANG_ENABLE_OBJC_ARC = YES;
				CLANG_ENABLE_OBJC_WEAK = YES;
				CLANG_WARN_BLOCK_CAPTURE_AUTORELEASING = YES;
				CLANG_WARN_BOOL_CONVERSION = YES;
				CLANG_WARN_COMMA = YES;
				CLANG_WARN_CONSTANT_CONVERSION = YES;
				CLANG_WARN_DEPRECATED_OBJC_IMPLEMENTATIONS = YES;
				CLANG_WARN_DIRECT_OBJC_ISA_USAGE = YES_ERROR;
				CLANG_WARN_DOCUMENTATION_COMMENTS = YES;
				CLANG_WARN_EMPTY_BODY = YES;
				CLANG_WARN_ENUM_CONVERSION = YES;
				CLANG_WARN_INFINITE_RECURSION = YES;
				CLANG_WARN_INT_CONVERSION = YES;
				CLANG_WARN_NON_LITERAL_NULL_CONVERSION = YES;
				CLANG_WARN_OBJC_IMPLICIT_RETAIN_SELF = YES;
				CLANG_WARN_OBJC_LITERAL_CONVERSION = YES;
				CLANG_WARN_OBJC_ROOT_CLASS = YES_ERROR;
				CLANG_WARN_QUOTED_INCLUDE_IN_FRAMEWORK_HEADER = YES;
				CLANG_WARN_RANGE_LOOP_ANALYSIS = YES;
				CLANG_WARN_STRICT_PROTOTYPES = YES;
				CLANG_WARN_SUSPICIOUS_MOVE = YES;
				CLANG_WARN_UNGUARDED_AVAILABILITY = YES_AGGRESSIVE;
				CLANG_WARN_UNREACHABLE_CODE = YES;
				CLANG_WARN__DUPLICATE_METHOD_MATCH = YES;
				COPY_PHASE_STRIP = NO;
				DEBUG_INFORMATION_FORMAT = dwarf;
				ENABLE_STRICT_OBJC_MSGSEND = YES;
				ENABLE_TESTABILITY = YES;
				GCC_C_LANGUAGE_STANDARD = gnu11;
				GCC_DYNAMIC_NO_PIC = NO;
				GCC_NO_COMMON_BLOCKS = YES;
				GCC_OPTIMIZATION_LEVEL = 0;
				GCC_PREPROCESSOR_DEFINITIONS = (
					"DEBUG=1",
					"$(inherited)",
				);
				GCC_WARN_64_TO_32_BIT_CONVERSION = YES;
				GCC_WARN_ABOUT_RETURN_TYPE = YES_ERROR;
				GCC_WARN_UNDECLARED_SELECTOR = YES;
				GCC_WARN_UNINITIALIZED_AUTOS = YES_AGGRESSIVE;
				GCC_WARN_UNUSED_FUNCTION = YES;
				GCC_WARN_UNUSED_VARIABLE = YES;
				IPHONEOS_DEPLOYMENT_TARGET = 15.0;
				MTL_ENABLE_DEBUG_INFO = INCLUDE_SOURCE;
				MTL_FAST_MATH = YES;
				ONLY_ACTIVE_ARCH = YES;
				SDKROOT = iphoneos;
				SWIFT_ACTIVE_COMPILATION_CONDITIONS = DEBUG;
				SWIFT_OPTIMIZATION_LEVEL = "-Onone";
			};
			name = Debug;
		};
		B86AFB1227A9A782000134B6 /* Release */ = {
			isa = XCBuildConfiguration;
			buildSettings = {
				ALWAYS_SEARCH_USER_PATHS = NO;
				CLANG_ANALYZER_NONNULL = YES;
				CLANG_ANALYZER_NUMBER_OBJECT_CONVERSION = YES_AGGRESSIVE;
				CLANG_CXX_LANGUAGE_STANDARD = "gnu++17";
				CLANG_CXX_LIBRARY = "libc++";
				CLANG_ENABLE_MODULES = YES;
				CLANG_ENABLE_OBJC_ARC = YES;
				CLANG_ENABLE_OBJC_WEAK = YES;
				CLANG_WARN_BLOCK_CAPTURE_AUTORELEASING = YES;
				CLANG_WARN_BOOL_CONVERSION = YES;
				CLANG_WARN_COMMA = YES;
				CLANG_WARN_CONSTANT_CONVERSION = YES;
				CLANG_WARN_DEPRECATED_OBJC_IMPLEMENTATIONS = YES;
				CLANG_WARN_DIRECT_OBJC_ISA_USAGE = YES_ERROR;
				CLANG_WARN_DOCUMENTATION_COMMENTS = YES;
				CLANG_WARN_EMPTY_BODY = YES;
				CLANG_WARN_ENUM_CONVERSION = YES;
				CLANG_WARN_INFINITE_RECURSION = YES;
				CLANG_WARN_INT_CONVERSION = YES;
				CLANG_WARN_NON_LITERAL_NULL_CONVERSION = YES;
				CLANG_WARN_OBJC_IMPLICIT_RETAIN_SELF = YES;
				CLANG_WARN_OBJC_LITERAL_CONVERSION = YES;
				CLANG_WARN_OBJC_ROOT_CLASS = YES_ERROR;
				CLANG_WARN_QUOTED_INCLUDE_IN_FRAMEWORK_HEADER = YES;
				CLANG_WARN_RANGE_LOOP_ANALYSIS = YES;
				CLANG_WARN_STRICT_PROTOTYPES = YES;
				CLANG_WARN_SUSPICIOUS_MOVE = YES;
				CLANG_WARN_UNGUARDED_AVAILABILITY = YES_AGGRESSIVE;
				CLANG_WARN_UNREACHABLE_CODE = YES;
				CLANG_WARN__DUPLICATE_METHOD_MATCH = YES;
				COPY_PHASE_STRIP = NO;
				DEBUG_INFORMATION_FORMAT = "dwarf-with-dsym";
				ENABLE_NS_ASSERTIONS = NO;
				ENABLE_STRICT_OBJC_MSGSEND = YES;
				GCC_C_LANGUAGE_STANDARD = gnu11;
				GCC_NO_COMMON_BLOCKS = YES;
				GCC_WARN_64_TO_32_BIT_CONVERSION = YES;
				GCC_WARN_ABOUT_RETURN_TYPE = YES_ERROR;
				GCC_WARN_UNDECLARED_SELECTOR = YES;
				GCC_WARN_UNINITIALIZED_AUTOS = YES_AGGRESSIVE;
				GCC_WARN_UNUSED_FUNCTION = YES;
				GCC_WARN_UNUSED_VARIABLE = YES;
				IPHONEOS_DEPLOYMENT_TARGET = 15.0;
				MTL_ENABLE_DEBUG_INFO = NO;
				MTL_FAST_MATH = YES;
				SDKROOT = iphoneos;
				SWIFT_COMPILATION_MODE = wholemodule;
				SWIFT_OPTIMIZATION_LEVEL = "-O";
				VALIDATE_PRODUCT = YES;
			};
			name = Release;
		};
		B86AFB1427A9A782000134B6 /* Debug */ = {
			isa = XCBuildConfiguration;
			buildSettings = {
				ASSETCATALOG_COMPILER_APPICON_NAME = AppIcon;
				ASSETCATALOG_COMPILER_GLOBAL_ACCENT_COLOR_NAME = AccentColor;
				CODE_SIGN_STYLE = Automatic;
				CURRENT_PROJECT_VERSION = 1;
				DEVELOPMENT_TEAM = FD6TBLZQF4;
				GENERATE_INFOPLIST_FILE = YES;
				INFOPLIST_FILE = RedditCloneApp/Info.plist;
				INFOPLIST_KEY_UIApplicationSupportsIndirectInputEvents = YES;
				INFOPLIST_KEY_UILaunchStoryboardName = LaunchScreen;
				INFOPLIST_KEY_UIMainStoryboardFile = Main;
				INFOPLIST_KEY_UISupportedInterfaceOrientations_iPad = "UIInterfaceOrientationPortrait UIInterfaceOrientationPortraitUpsideDown UIInterfaceOrientationLandscapeLeft UIInterfaceOrientationLandscapeRight";
				INFOPLIST_KEY_UISupportedInterfaceOrientations_iPhone = "UIInterfaceOrientationPortrait UIInterfaceOrientationLandscapeLeft UIInterfaceOrientationLandscapeRight";
				LD_RUNPATH_SEARCH_PATHS = (
					"$(inherited)",
					"@executable_path/Frameworks",
				);
				MARKETING_VERSION = 1.0;
				PRODUCT_BUNDLE_IDENTIFIER = com.tolgasayan.RedditCloneApp;
				PRODUCT_NAME = "$(TARGET_NAME)";
				SWIFT_EMIT_LOC_STRINGS = YES;
				SWIFT_VERSION = 5.0;
				TARGETED_DEVICE_FAMILY = "1,2";
			};
			name = Debug;
		};
		B86AFB1527A9A782000134B6 /* Release */ = {
			isa = XCBuildConfiguration;
			buildSettings = {
				ASSETCATALOG_COMPILER_APPICON_NAME = AppIcon;
				ASSETCATALOG_COMPILER_GLOBAL_ACCENT_COLOR_NAME = AccentColor;
				CODE_SIGN_STYLE = Automatic;
				CURRENT_PROJECT_VERSION = 1;
				DEVELOPMENT_TEAM = FD6TBLZQF4;
				GENERATE_INFOPLIST_FILE = YES;
				INFOPLIST_FILE = RedditCloneApp/Info.plist;
				INFOPLIST_KEY_UIApplicationSupportsIndirectInputEvents = YES;
				INFOPLIST_KEY_UILaunchStoryboardName = LaunchScreen;
				INFOPLIST_KEY_UIMainStoryboardFile = Main;
				INFOPLIST_KEY_UISupportedInterfaceOrientations_iPad = "UIInterfaceOrientationPortrait UIInterfaceOrientationPortraitUpsideDown UIInterfaceOrientationLandscapeLeft UIInterfaceOrientationLandscapeRight";
				INFOPLIST_KEY_UISupportedInterfaceOrientations_iPhone = "UIInterfaceOrientationPortrait UIInterfaceOrientationLandscapeLeft UIInterfaceOrientationLandscapeRight";
				LD_RUNPATH_SEARCH_PATHS = (
					"$(inherited)",
					"@executable_path/Frameworks",
				);
				MARKETING_VERSION = 1.0;
				PRODUCT_BUNDLE_IDENTIFIER = com.tolgasayan.RedditCloneApp;
				PRODUCT_NAME = "$(TARGET_NAME)";
				SWIFT_EMIT_LOC_STRINGS = YES;
				SWIFT_VERSION = 5.0;
				TARGETED_DEVICE_FAMILY = "1,2";
			};
			name = Release;
		};
		B86AFB1727A9A782000134B6 /* Debug */ = {
			isa = XCBuildConfiguration;
			buildSettings = {
				ALWAYS_EMBED_SWIFT_STANDARD_LIBRARIES = YES;
				BUNDLE_LOADER = "$(TEST_HOST)";
				CODE_SIGN_STYLE = Automatic;
				CURRENT_PROJECT_VERSION = 1;
				DEVELOPMENT_TEAM = FD6TBLZQF4;
				GENERATE_INFOPLIST_FILE = YES;
				IPHONEOS_DEPLOYMENT_TARGET = 15.2;
				MARKETING_VERSION = 1.0;
				PRODUCT_BUNDLE_IDENTIFIER = com.tolgasayan.RedditCloneAppTests;
				PRODUCT_NAME = "$(TARGET_NAME)";
				SWIFT_EMIT_LOC_STRINGS = NO;
				SWIFT_VERSION = 5.0;
				TARGETED_DEVICE_FAMILY = "1,2";
				TEST_HOST = "$(BUILT_PRODUCTS_DIR)/RedditCloneApp.app/RedditCloneApp";
			};
			name = Debug;
		};
		B86AFB1827A9A782000134B6 /* Release */ = {
			isa = XCBuildConfiguration;
			buildSettings = {
				ALWAYS_EMBED_SWIFT_STANDARD_LIBRARIES = YES;
				BUNDLE_LOADER = "$(TEST_HOST)";
				CODE_SIGN_STYLE = Automatic;
				CURRENT_PROJECT_VERSION = 1;
				DEVELOPMENT_TEAM = FD6TBLZQF4;
				GENERATE_INFOPLIST_FILE = YES;
				IPHONEOS_DEPLOYMENT_TARGET = 15.2;
				MARKETING_VERSION = 1.0;
				PRODUCT_BUNDLE_IDENTIFIER = com.tolgasayan.RedditCloneAppTests;
				PRODUCT_NAME = "$(TARGET_NAME)";
				SWIFT_EMIT_LOC_STRINGS = NO;
				SWIFT_VERSION = 5.0;
				TARGETED_DEVICE_FAMILY = "1,2";
				TEST_HOST = "$(BUILT_PRODUCTS_DIR)/RedditCloneApp.app/RedditCloneApp";
			};
			name = Release;
		};
		B86AFB1A27A9A782000134B6 /* Debug */ = {
			isa = XCBuildConfiguration;
			buildSettings = {
				ALWAYS_EMBED_SWIFT_STANDARD_LIBRARIES = YES;
				CODE_SIGN_STYLE = Automatic;
				CURRENT_PROJECT_VERSION = 1;
				DEVELOPMENT_TEAM = FD6TBLZQF4;
				GENERATE_INFOPLIST_FILE = YES;
				MARKETING_VERSION = 1.0;
				PRODUCT_BUNDLE_IDENTIFIER = com.tolgasayan.RedditCloneAppUITests;
				PRODUCT_NAME = "$(TARGET_NAME)";
				SWIFT_EMIT_LOC_STRINGS = NO;
				SWIFT_VERSION = 5.0;
				TARGETED_DEVICE_FAMILY = "1,2";
				TEST_TARGET_NAME = RedditCloneApp;
			};
			name = Debug;
		};
		B86AFB1B27A9A782000134B6 /* Release */ = {
			isa = XCBuildConfiguration;
			buildSettings = {
				ALWAYS_EMBED_SWIFT_STANDARD_LIBRARIES = YES;
				CODE_SIGN_STYLE = Automatic;
				CURRENT_PROJECT_VERSION = 1;
				DEVELOPMENT_TEAM = FD6TBLZQF4;
				GENERATE_INFOPLIST_FILE = YES;
				MARKETING_VERSION = 1.0;
				PRODUCT_BUNDLE_IDENTIFIER = com.tolgasayan.RedditCloneAppUITests;
				PRODUCT_NAME = "$(TARGET_NAME)";
				SWIFT_EMIT_LOC_STRINGS = NO;
				SWIFT_VERSION = 5.0;
				TARGETED_DEVICE_FAMILY = "1,2";
				TEST_TARGET_NAME = RedditCloneApp;
			};
			name = Release;
		};
/* End XCBuildConfiguration section */

/* Begin XCConfigurationList section */
		B86AFAE427A9A780000134B6 /* Build configuration list for PBXProject "RedditCloneApp" */ = {
			isa = XCConfigurationList;
			buildConfigurations = (
				B86AFB1127A9A782000134B6 /* Debug */,
				B86AFB1227A9A782000134B6 /* Release */,
			);
			defaultConfigurationIsVisible = 0;
			defaultConfigurationName = Release;
		};
		B86AFB1327A9A782000134B6 /* Build configuration list for PBXNativeTarget "RedditCloneApp" */ = {
			isa = XCConfigurationList;
			buildConfigurations = (
				B86AFB1427A9A782000134B6 /* Debug */,
				B86AFB1527A9A782000134B6 /* Release */,
			);
			defaultConfigurationIsVisible = 0;
			defaultConfigurationName = Release;
		};
		B86AFB1627A9A782000134B6 /* Build configuration list for PBXNativeTarget "RedditCloneAppTests" */ = {
			isa = XCConfigurationList;
			buildConfigurations = (
				B86AFB1727A9A782000134B6 /* Debug */,
				B86AFB1827A9A782000134B6 /* Release */,
			);
			defaultConfigurationIsVisible = 0;
			defaultConfigurationName = Release;
		};
		B86AFB1927A9A782000134B6 /* Build configuration list for PBXNativeTarget "RedditCloneAppUITests" */ = {
			isa = XCConfigurationList;
			buildConfigurations = (
				B86AFB1A27A9A782000134B6 /* Debug */,
				B86AFB1B27A9A782000134B6 /* Release */,
			);
			defaultConfigurationIsVisible = 0;
			defaultConfigurationName = Release;
		};
/* End XCConfigurationList section */
	};
	rootObject = B86AFAE127A9A780000134B6 /* Project object */;
}
